
Microsoft Visual Studio Solution File, Format Version 12.00
# Visual Studio Version 17
VisualStudioVersion = 17.5.002.0
MinimumVisualStudioVersion = 10.0.40219.1
Project("{9A19103F-16F7-4668-BE54-9A1E7A4F7556}") = "reto5", "reto5\reto5.csproj", "{0CCE1290-1E4F-4F48-8789-A43A3545A312}"
EndProject
Global
	GlobalSection(SolutionConfigurationPlatforms) = preSolution
		Debug|Any CPU = Debug|Any CPU
		Release|Any CPU = Release|Any CPU
	EndGlobalSection
	GlobalSection(ProjectConfigurationPlatforms) = postSolution
		{0CCE1290-1E4F-4F48-8789-A43A3545A312}.Debug|Any CPU.ActiveCfg = Debug|Any CPU
		{0CCE1290-1E4F-4F48-8789-A43A3545A312}.Debug|Any CPU.Build.0 = Debug|Any CPU
		{0CCE1290-1E4F-4F48-8789-A43A3545A312}.Release|Any CPU.ActiveCfg = Release|Any CPU
		{0CCE1290-1E4F-4F48-8789-A43A3545A312}.Release|Any CPU.Build.0 = Release|Any CPU
	EndGlobalSection
	GlobalSection(SolutionProperties) = preSolution
		HideSolutionNode = FALSE
	EndGlobalSection
	GlobalSection(ExtensibilityGlobals) = postSolution
		SolutionGuid = {CB67EEBC-C2B3-4909-A1CF-B803679309CD}
	EndGlobalSection
EndGlobal
